
Microsoft Visual Studio Solution File, Format Version 12.00
# Visual Studio Version 17
VisualStudioVersion = 17.5.33516.290
MinimumVisualStudioVersion = 10.0.40219.1
Project("{FAE04EC0-301F-11D3-BF4B-00C04F79EFBC}") = "PhiEngine", "PhiEngine\PhiEngine.csproj", "{4F94D612-635C-4BF9-A11E-E6303ABEC1DB}"
EndProject
Project("{FAE04EC0-301F-11D3-BF4B-00C04F79EFBC}") = "Game", "Game\Game.csproj", "{DC8788EA-DB22-474D-A3C5-06390AFB4261}"
EndProject
Global
	GlobalSection(SolutionConfigurationPlatforms) = preSolution
		Debug|Any CPU = Debug|Any CPU
		Release|Any CPU = Release|Any CPU
	EndGlobalSection
	GlobalSection(ProjectConfigurationPlatforms) = postSolution
		{4F94D612-635C-4BF9-A11E-E6303ABEC1DB}.Debug|Any CPU.ActiveCfg = Debug|Any CPU
		{4F94D612-635C-4BF9-A11E-E6303ABEC1DB}.Debug|Any CPU.Build.0 = Debug|Any CPU
		{4F94D612-635C-4BF9-A11E-E6303ABEC1DB}.Release|Any CPU.ActiveCfg = Release|Any CPU
		{4F94D612-635C-4BF9-A11E-E6303ABEC1DB}.Release|Any CPU.Build.0 = Release|Any CPU
		{DC8788EA-DB22-474D-A3C5-06390AFB4261}.Debug|Any CPU.ActiveCfg = Debug|Any CPU
		{DC8788EA-DB22-474D-A3C5-06390AFB4261}.Debug|Any CPU.Build.0 = Debug|Any CPU
		{DC8788EA-DB22-474D-A3C5-06390AFB4261}.Release|Any CPU.ActiveCfg = Release|Any CPU
		{DC8788EA-DB22-474D-A3C5-06390AFB4261}.Release|Any CPU.Build.0 = Release|Any CPU
	EndGlobalSection
	GlobalSection(SolutionProperties) = preSolution
		HideSolutionNode = FALSE
	EndGlobalSection
	GlobalSection(ExtensibilityGlobals) = postSolution
		SolutionGuid = {3434CBE0-5995-4311-ACA4-4EB2E74DCB15}
	EndGlobalSection
EndGlobal
